
Microsoft Visual Studio Solution File, Format Version 12.00
# Visual Studio Version 17
VisualStudioVersion = 17.7.34221.43
MinimumVisualStudioVersion = 10.0.40219.1
Project("{FAE04EC0-301F-11D3-BF4B-00C04F79EFBC}") = "8.Chain of Responsibility", "8.Chain of Responsibility.csproj", "{ABFE14CF-A365-434B-9AA7-870B06E2AB31}"
EndProject
Global
	GlobalSection(SolutionConfigurationPlatforms) = preSolution
		Debug|Any CPU = Debug|Any CPU
		Release|Any CPU = Release|Any CPU
	EndGlobalSection
	GlobalSection(ProjectConfigurationPlatforms) = postSolution
		{ABFE14CF-A365-434B-9AA7-870B06E2AB31}.Debug|Any CPU.ActiveCfg = Debug|Any CPU
		{ABFE14CF-A365-434B-9AA7-870B06E2AB31}.Debug|Any CPU.Build.0 = Debug|Any CPU
		{ABFE14CF-A365-434B-9AA7-870B06E2AB31}.Release|Any CPU.ActiveCfg = Release|Any CPU
		{ABFE14CF-A365-434B-9AA7-870B06E2AB31}.Release|Any CPU.Build.0 = Release|Any CPU
	EndGlobalSection
	GlobalSection(SolutionProperties) = preSolution
		HideSolutionNode = FALSE
	EndGlobalSection
	GlobalSection(ExtensibilityGlobals) = postSolution
		SolutionGuid = {8A0EDCE4-F063-46DE-94DA-54B54324376D}
	EndGlobalSection
EndGlobal
